# This file is automatically @generated by Wally.
# It is not intended for manual editing.
registry = "test"

[[package]]
name = "elttob/fusion"
version = "0.2.0"
dependencies = []

[[package]]
name = "nightcycle/maid"
version = "1.1.4"
dependencies = []

[[package]]
name = "stravant/devcomment"
version = "0.1.0"
dependencies = [["Fusion", "elttob/fusion@0.2.0"], ["Maid", "nightcycle/maid@1.1.4"], ["Signal", "stravant/goodsignal@0.2.1"]]

[[package]]
name = "stravant/goodsignal"
version = "0.2.1"
dependencies = []
